// !$*UTF8*$!
{
	archiveVersion = 1;
	classes = {
	};
	objectVersion = 48;
	objects = {

/* Begin PBXBuildFile section */
		1E0CDF8C20ED0C7D00C3450E /* Repository.swift in Sources */ = {isa = PBXBuildFile; fileRef = 1E0CDF8B20ED0C7D00C3450E /* Repository.swift */; };
		1E0CDF8E20ED0DFA00C3450E /* Request.swift in Sources */ = {isa = PBXBuildFile; fileRef = 1E0CDF8D20ED0DFA00C3450E /* Request.swift */; };
		1E0CDF9020ED130700C3450E /* Device.swift in Sources */ = {isa = PBXBuildFile; fileRef = 1E0CDF8F20ED130700C3450E /* Device.swift */; };
		1E0CDF9520EFDF5D00C3450E /* CacheManager.swift in Sources */ = {isa = PBXBuildFile; fileRef = 1E0CDF9420EFDF5D00C3450E /* CacheManager.swift */; };
		1E0CDF9720EFE0F800C3450E /* HomeViewModel.swift in Sources */ = {isa = PBXBuildFile; fileRef = 1E0CDF9620EFE0F800C3450E /* HomeViewModel.swift */; };
		1E0CDF9920F0D30300C3450E /* SignUpViewController.swift in Sources */ = {isa = PBXBuildFile; fileRef = 1E0CDF9820F0D30300C3450E /* SignUpViewController.swift */; };
		1E0CDF9B20F0DB4600C3450E /* SignUpViewModel.swift in Sources */ = {isa = PBXBuildFile; fileRef = 1E0CDF9A20F0DB4600C3450E /* SignUpViewModel.swift */; };
		1E0CDF9E20F0DC7500C3450E /* StringHelper.swift in Sources */ = {isa = PBXBuildFile; fileRef = 1E0CDF9D20F0DC7500C3450E /* StringHelper.swift */; };
		1E0CDFA120F0EEE300C3450E /* LoginViewModelTests.swift in Sources */ = {isa = PBXBuildFile; fileRef = 1E0CDFA020F0EEE300C3450E /* LoginViewModelTests.swift */; };
		1E0CDFA320F0EF9D00C3450E /* MockRepository.swift in Sources */ = {isa = PBXBuildFile; fileRef = 1E0CDFA220F0EF9D00C3450E /* MockRepository.swift */; };
		1E0CDFA720F1182A00C3450E /* HomeViewModelTests.swift in Sources */ = {isa = PBXBuildFile; fileRef = 1E0CDFA620F1182A00C3450E /* HomeViewModelTests.swift */; };
		1E0CDFA920F1238D00C3450E /* Map.storyboard in Resources */ = {isa = PBXBuildFile; fileRef = 1E0CDFA820F1238D00C3450E /* Map.storyboard */; };
		1E0CDFAB20F123AD00C3450E /* MapViewController.swift in Sources */ = {isa = PBXBuildFile; fileRef = 1E0CDFAA20F123AD00C3450E /* MapViewController.swift */; };
		1E0CDFAD20F128A800C3450E /* MapViewModel.swift in Sources */ = {isa = PBXBuildFile; fileRef = 1E0CDFAC20F128A800C3450E /* MapViewModel.swift */; };
		1E55313220E7EABD002144DD /* AppDelegate.swift in Sources */ = {isa = PBXBuildFile; fileRef = 1E55313120E7EABD002144DD /* AppDelegate.swift */; };
		1E55313420E7EABD002144DD /* HomeViewController.swift in Sources */ = {isa = PBXBuildFile; fileRef = 1E55313320E7EABD002144DD /* HomeViewController.swift */; };
		1E55313720E7EABD002144DD /* Main.storyboard in Resources */ = {isa = PBXBuildFile; fileRef = 1E55313520E7EABD002144DD /* Main.storyboard */; };
		1E55313920E7EABD002144DD /* Assets.xcassets in Resources */ = {isa = PBXBuildFile; fileRef = 1E55313820E7EABD002144DD /* Assets.xcassets */; };
		1E55313C20E7EABD002144DD /* LaunchScreen.storyboard in Resources */ = {isa = PBXBuildFile; fileRef = 1E55313A20E7EABD002144DD /* LaunchScreen.storyboard */; };
		1E55314720E7EABD002144DD /* RxDemoTests.swift in Sources */ = {isa = PBXBuildFile; fileRef = 1E55314620E7EABD002144DD /* RxDemoTests.swift */; };
		1E55315220E7EABD002144DD /* RxDemoUITests.swift in Sources */ = {isa = PBXBuildFile; fileRef = 1E55315120E7EABD002144DD /* RxDemoUITests.swift */; };
		1E55316020E7EE37002144DD /* LoginViewController.swift in Sources */ = {isa = PBXBuildFile; fileRef = 1E55315F20E7EE37002144DD /* LoginViewController.swift */; };
		1E55316220E7EEAA002144DD /* LoginViewModel.swift in Sources */ = {isa = PBXBuildFile; fileRef = 1E55316120E7EEAA002144DD /* LoginViewModel.swift */; };
		1E55316420E89F69002144DD /* GoogleService-Info.plist in Resources */ = {isa = PBXBuildFile; fileRef = 1E55316320E89F69002144DD /* GoogleService-Info.plist */; };
		1E55316620E8A777002144DD /* Constants.swift in Sources */ = {isa = PBXBuildFile; fileRef = 1E55316520E8A777002144DD /* Constants.swift */; };
		1E9AD7B120EA61670070F08D /* User.swift in Sources */ = {isa = PBXBuildFile; fileRef = 1E9AD7B020EA61670070F08D /* User.swift */; };
		371140FAD7C338DBAB395B25 /* Pods_RxDemoTests.framework in Frameworks */ = {isa = PBXBuildFile; fileRef = A05F486FF7600CCA881DF59B /* Pods_RxDemoTests.framework */; };
		B317F4ACBB9CD24414352329 /* Pods_RxDemo.framework in Frameworks */ = {isa = PBXBuildFile; fileRef = E40B0F95C6A1045F68A80A33 /* Pods_RxDemo.framework */; };
		D221060D116BC4C5FD52A7DB /* Pods_RxDemoUITests.framework in Frameworks */ = {isa = PBXBuildFile; fileRef = 69829513769BBF948F3FF85B /* Pods_RxDemoUITests.framework */; };
/* End PBXBuildFile section */

/* Begin PBXContainerItemProxy section */
		1E55314320E7EABD002144DD /* PBXContainerItemProxy */ = {
			isa = PBXContainerItemProxy;
			containerPortal = 1E55312620E7EABD002144DD /* Project object */;
			proxyType = 1;
			remoteGlobalIDString = 1E55312D20E7EABD002144DD;
			remoteInfo = RxDemo;
		};
		1E55314E20E7EABD002144DD /* PBXContainerItemProxy */ = {
			isa = PBXContainerItemProxy;
			containerPortal = 1E55312620E7EABD002144DD /* Project object */;
			proxyType = 1;
			remoteGlobalIDString = 1E55312D20E7EABD002144DD;
			remoteInfo = RxDemo;
		};
/* End PBXContainerItemProxy section */

/* Begin PBXFileReference section */
		15A8D0F4A5E22D4036A4BEE3 /* Pods-RxDemoUITests.release.xcconfig */ = {isa = PBXFileReference; includeInIndex = 1; lastKnownFileType = text.xcconfig; name = "Pods-RxDemoUITests.release.xcconfig"; path = "Pods/Target Support Files/Pods-RxDemoUITests/Pods-RxDemoUITests.release.xcconfig"; sourceTree = "<group>"; };
		1E0CDF8B20ED0C7D00C3450E /* Repository.swift */ = {isa = PBXFileReference; lastKnownFileType = sourcecode.swift; path = Repository.swift; sourceTree = "<group>"; };
		1E0CDF8D20ED0DFA00C3450E /* Request.swift */ = {isa = PBXFileReference; lastKnownFileType = sourcecode.swift; path = Request.swift; sourceTree = "<group>"; };
		1E0CDF8F20ED130700C3450E /* Device.swift */ = {isa = PBXFileReference; lastKnownFileType = sourcecode.swift; path = Device.swift; sourceTree = "<group>"; };
		1E0CDF9420EFDF5D00C3450E /* CacheManager.swift */ = {isa = PBXFileReference; lastKnownFileType = sourcecode.swift; path = CacheManager.swift; sourceTree = "<group>"; };
		1E0CDF9620EFE0F800C3450E /* HomeViewModel.swift */ = {isa = PBXFileReference; lastKnownFileType = sourcecode.swift; path = HomeViewModel.swift; sourceTree = "<group>"; };
		1E0CDF9820F0D30300C3450E /* SignUpViewController.swift */ = {isa = PBXFileReference; lastKnownFileType = sourcecode.swift; path = SignUpViewController.swift; sourceTree = "<group>"; };
		1E0CDF9A20F0DB4600C3450E /* SignUpViewModel.swift */ = {isa = PBXFileReference; lastKnownFileType = sourcecode.swift; path = SignUpViewModel.swift; sourceTree = "<group>"; };
		1E0CDF9D20F0DC7500C3450E /* StringHelper.swift */ = {isa = PBXFileReference; lastKnownFileType = sourcecode.swift; path = StringHelper.swift; sourceTree = "<group>"; };
		1E0CDFA020F0EEE300C3450E /* LoginViewModelTests.swift */ = {isa = PBXFileReference; lastKnownFileType = sourcecode.swift; path = LoginViewModelTests.swift; sourceTree = "<group>"; };
		1E0CDFA220F0EF9D00C3450E /* MockRepository.swift */ = {isa = PBXFileReference; lastKnownFileType = sourcecode.swift; path = MockRepository.swift; sourceTree = "<group>"; };
		1E0CDFA620F1182A00C3450E /* HomeViewModelTests.swift */ = {isa = PBXFileReference; lastKnownFileType = sourcecode.swift; path = HomeViewModelTests.swift; sourceTree = "<group>"; };
		1E0CDFA820F1238D00C3450E /* Map.storyboard */ = {isa = PBXFileReference; lastKnownFileType = file.storyboard; path = Map.storyboard; sourceTree = "<group>"; };
		1E0CDFAA20F123AD00C3450E /* MapViewController.swift */ = {isa = PBXFileReference; lastKnownFileType = sourcecode.swift; path = MapViewController.swift; sourceTree = "<group>"; };
		1E0CDFAC20F128A800C3450E /* MapViewModel.swift */ = {isa = PBXFileReference; lastKnownFileType = sourcecode.swift; path = MapViewModel.swift; sourceTree = "<group>"; };
		1E55312E20E7EABD002144DD /* RxDemo.app */ = {isa = PBXFileReference; explicitFileType = wrapper.application; includeInIndex = 0; path = RxDemo.app; sourceTree = BUILT_PRODUCTS_DIR; };
		1E55313120E7EABD002144DD /* AppDelegate.swift */ = {isa = PBXFileReference; lastKnownFileType = sourcecode.swift; path = AppDelegate.swift; sourceTree = "<group>"; };
		1E55313320E7EABD002144DD /* HomeViewController.swift */ = {isa = PBXFileReference; lastKnownFileType = sourcecode.swift; path = HomeViewController.swift; sourceTree = "<group>"; };
		1E55313620E7EABD002144DD /* Base */ = {isa = PBXFileReference; lastKnownFileType = file.storyboard; name = Base; path = Base.lproj/Main.storyboard; sourceTree = "<group>"; };
		1E55313820E7EABD002144DD /* Assets.xcassets */ = {isa = PBXFileReference; lastKnownFileType = folder.assetcatalog; path = Assets.xcassets; sourceTree = "<group>"; };
		1E55313B20E7EABD002144DD /* Base */ = {isa = PBXFileReference; lastKnownFileType = file.storyboard; name = Base; path = Base.lproj/LaunchScreen.storyboard; sourceTree = "<group>"; };
		1E55313D20E7EABD002144DD /* Info.plist */ = {isa = PBXFileReference; lastKnownFileType = text.plist.xml; path = Info.plist; sourceTree = "<group>"; };
		1E55314220E7EABD002144DD /* RxDemoTests.xctest */ = {isa = PBXFileReference; explicitFileType = wrapper.cfbundle; includeInIndex = 0; path = RxDemoTests.xctest; sourceTree = BUILT_PRODUCTS_DIR; };
		1E55314620E7EABD002144DD /* RxDemoTests.swift */ = {isa = PBXFileReference; lastKnownFileType = sourcecode.swift; path = RxDemoTests.swift; sourceTree = "<group>"; };
		1E55314820E7EABD002144DD /* Info.plist */ = {isa = PBXFileReference; lastKnownFileType = text.plist.xml; path = Info.plist; sourceTree = "<group>"; };
		1E55314D20E7EABD002144DD /* RxDemoUITests.xctest */ = {isa = PBXFileReference; explicitFileType = wrapper.cfbundle; includeInIndex = 0; path = RxDemoUITests.xctest; sourceTree = BUILT_PRODUCTS_DIR; };
		1E55315120E7EABD002144DD /* RxDemoUITests.swift */ = {isa = PBXFileReference; lastKnownFileType = sourcecode.swift; path = RxDemoUITests.swift; sourceTree = "<group>"; };
		1E55315320E7EABD002144DD /* Info.plist */ = {isa = PBXFileReference; lastKnownFileType = text.plist.xml; path = Info.plist; sourceTree = "<group>"; };
		1E55315F20E7EE37002144DD /* LoginViewController.swift */ = {isa = PBXFileReference; lastKnownFileType = sourcecode.swift; path = LoginViewController.swift; sourceTree = "<group>"; };
		1E55316120E7EEAA002144DD /* LoginViewModel.swift */ = {isa = PBXFileReference; lastKnownFileType = sourcecode.swift; path = LoginViewModel.swift; sourceTree = "<group>"; };
		1E55316320E89F69002144DD /* GoogleService-Info.plist */ = {isa = PBXFileReference; fileEncoding = 4; lastKnownFileType = text.plist.xml; path = "GoogleService-Info.plist"; sourceTree = "<group>"; };
		1E55316520E8A777002144DD /* Constants.swift */ = {isa = PBXFileReference; lastKnownFileType = sourcecode.swift; path = Constants.swift; sourceTree = "<group>"; };
		1E9AD7B020EA61670070F08D /* User.swift */ = {isa = PBXFileReference; lastKnownFileType = sourcecode.swift; path = User.swift; sourceTree = "<group>"; };
		25DCF0FA01C7C501909550E8 /* Pods-RxDemo.debug.xcconfig */ = {isa = PBXFileReference; includeInIndex = 1; lastKnownFileType = text.xcconfig; name = "Pods-RxDemo.debug.xcconfig"; path = "Pods/Target Support Files/Pods-RxDemo/Pods-RxDemo.debug.xcconfig"; sourceTree = "<group>"; };
		69829513769BBF948F3FF85B /* Pods_RxDemoUITests.framework */ = {isa = PBXFileReference; explicitFileType = wrapper.framework; includeInIndex = 0; path = Pods_RxDemoUITests.framework; sourceTree = BUILT_PRODUCTS_DIR; };
		747E8C45AF27F6FA88321AA4 /* Pods-RxDemoTests.release.xcconfig */ = {isa = PBXFileReference; includeInIndex = 1; lastKnownFileType = text.xcconfig; name = "Pods-RxDemoTests.release.xcconfig"; path = "Pods/Target Support Files/Pods-RxDemoTests/Pods-RxDemoTests.release.xcconfig"; sourceTree = "<group>"; };
		8CBCBA960CD8479D9C280717 /* Pods-RxDemoUITests.debug.xcconfig */ = {isa = PBXFileReference; includeInIndex = 1; lastKnownFileType = text.xcconfig; name = "Pods-RxDemoUITests.debug.xcconfig"; path = "Pods/Target Support Files/Pods-RxDemoUITests/Pods-RxDemoUITests.debug.xcconfig"; sourceTree = "<group>"; };
		A05F486FF7600CCA881DF59B /* Pods_RxDemoTests.framework */ = {isa = PBXFileReference; explicitFileType = wrapper.framework; includeInIndex = 0; path = Pods_RxDemoTests.framework; sourceTree = BUILT_PRODUCTS_DIR; };
		A259421C34C73161480B9D10 /* Pods-RxDemo.release.xcconfig */ = {isa = PBXFileReference; includeInIndex = 1; lastKnownFileType = text.xcconfig; name = "Pods-RxDemo.release.xcconfig"; path = "Pods/Target Support Files/Pods-RxDemo/Pods-RxDemo.release.xcconfig"; sourceTree = "<group>"; };
		DE0665928F1EB6922A83BCDC /* Pods-RxDemoTests.debug.xcconfig */ = {isa = PBXFileReference; includeInIndex = 1; lastKnownFileType = text.xcconfig; name = "Pods-RxDemoTests.debug.xcconfig"; path = "Pods/Target Support Files/Pods-RxDemoTests/Pods-RxDemoTests.debug.xcconfig"; sourceTree = "<group>"; };
		E40B0F95C6A1045F68A80A33 /* Pods_RxDemo.framework */ = {isa = PBXFileReference; explicitFileType = wrapper.framework; includeInIndex = 0; path = Pods_RxDemo.framework; sourceTree = BUILT_PRODUCTS_DIR; };
/* End PBXFileReference section */

/* Begin PBXFrameworksBuildPhase section */
		1E55312B20E7EABD002144DD /* Frameworks */ = {
			isa = PBXFrameworksBuildPhase;
			buildActionMask = 2147483647;
			files = (
				B317F4ACBB9CD24414352329 /* Pods_RxDemo.framework in Frameworks */,
			);
			runOnlyForDeploymentPostprocessing = 0;
		};
		1E55313F20E7EABD002144DD /* Frameworks */ = {
			isa = PBXFrameworksBuildPhase;
			buildActionMask = 2147483647;
			files = (
				371140FAD7C338DBAB395B25 /* Pods_RxDemoTests.framework in Frameworks */,
			);
			runOnlyForDeploymentPostprocessing = 0;
		};
		1E55314A20E7EABD002144DD /* Frameworks */ = {
			isa = PBXFrameworksBuildPhase;
			buildActionMask = 2147483647;
			files = (
				D221060D116BC4C5FD52A7DB /* Pods_RxDemoUITests.framework in Frameworks */,
			);
			runOnlyForDeploymentPostprocessing = 0;
		};
/* End PBXFrameworksBuildPhase section */

/* Begin PBXGroup section */
		1E0CDF8A20ED0C6A00C3450E /* NetworkManager */ = {
			isa = PBXGroup;
			children = (
				1E0CDF8D20ED0DFA00C3450E /* Request.swift */,
				1E0CDF8B20ED0C7D00C3450E /* Repository.swift */,
				1E0CDFA220F0EF9D00C3450E /* MockRepository.swift */,
			);
			path = NetworkManager;
			sourceTree = "<group>";
		};
		1E0CDF9120EFDC7100C3450E /* CacheManager */ = {
			isa = PBXGroup;
			children = (
				1E0CDF9420EFDF5D00C3450E /* CacheManager.swift */,
			);
			path = CacheManager;
			sourceTree = "<group>";
		};
		1E0CDF9C20F0DC5D00C3450E /* Helper */ = {
			isa = PBXGroup;
			children = (
				1E0CDF9D20F0DC7500C3450E /* StringHelper.swift */,
			);
			path = Helper;
			sourceTree = "<group>";
		};
		1E55312520E7EABD002144DD = {
			isa = PBXGroup;
			children = (
				1E55313020E7EABD002144DD /* RxDemo */,
				1E55314520E7EABD002144DD /* RxDemoTests */,
				1E55315020E7EABD002144DD /* RxDemoUITests */,
				1E55312F20E7EABD002144DD /* Products */,
				D4FDAC7EE3919F7FCA0E63BB /* Pods */,
				850D246DF2FFB5870CE27166 /* Frameworks */,
			);
			sourceTree = "<group>";
		};
		1E55312F20E7EABD002144DD /* Products */ = {
			isa = PBXGroup;
			children = (
				1E55312E20E7EABD002144DD /* RxDemo.app */,
				1E55314220E7EABD002144DD /* RxDemoTests.xctest */,
				1E55314D20E7EABD002144DD /* RxDemoUITests.xctest */,
			);
			name = Products;
			sourceTree = "<group>";
		};
		1E55313020E7EABD002144DD /* RxDemo */ = {
			isa = PBXGroup;
			children = (
				1E0CDF9C20F0DC5D00C3450E /* Helper */,
				1E55313120E7EABD002144DD /* AppDelegate.swift */,
				1E0CDF9120EFDC7100C3450E /* CacheManager */,
				1E0CDF8A20ED0C6A00C3450E /* NetworkManager */,
				1E9AD7AE20EA5CD70070F08D /* Common */,
				1E9AD7AC20EA5C9E0070F08D /* Storyboard */,
				1E9AD7AA20EA5C7C0070F08D /* Views */,
				1E9AD7AF20EA613E0070F08D /* Model */,
				1E9AD7AB20EA5C8A0070F08D /* ViewModel */,
				1E55313820E7EABD002144DD /* Assets.xcassets */,
				1E55313D20E7EABD002144DD /* Info.plist */,
			);
			path = RxDemo;
			sourceTree = "<group>";
		};
		1E55314520E7EABD002144DD /* RxDemoTests */ = {
			isa = PBXGroup;
			children = (
				1E55314620E7EABD002144DD /* RxDemoTests.swift */,
				1E55314820E7EABD002144DD /* Info.plist */,
				1E0CDFA020F0EEE300C3450E /* LoginViewModelTests.swift */,
				1E0CDFA620F1182A00C3450E /* HomeViewModelTests.swift */,
			);
			path = RxDemoTests;
			sourceTree = "<group>";
		};
		1E55315020E7EABD002144DD /* RxDemoUITests */ = {
			isa = PBXGroup;
			children = (
				1E55315120E7EABD002144DD /* RxDemoUITests.swift */,
				1E55315320E7EABD002144DD /* Info.plist */,
			);
			path = RxDemoUITests;
			sourceTree = "<group>";
		};
		1E9AD7AA20EA5C7C0070F08D /* Views */ = {
			isa = PBXGroup;
			children = (
				1E55313320E7EABD002144DD /* HomeViewController.swift */,
				1E55315F20E7EE37002144DD /* LoginViewController.swift */,
				1E0CDF9820F0D30300C3450E /* SignUpViewController.swift */,
				1E0CDFAA20F123AD00C3450E /* MapViewController.swift */,
			);
			path = Views;
			sourceTree = "<group>";
		};
		1E9AD7AB20EA5C8A0070F08D /* ViewModel */ = {
			isa = PBXGroup;
			children = (
				1E55316120E7EEAA002144DD /* LoginViewModel.swift */,
				1E0CDF9620EFE0F800C3450E /* HomeViewModel.swift */,
				1E0CDF9A20F0DB4600C3450E /* SignUpViewModel.swift */,
				1E0CDFAC20F128A800C3450E /* MapViewModel.swift */,
			);
			path = ViewModel;
			sourceTree = "<group>";
		};
		1E9AD7AC20EA5C9E0070F08D /* Storyboard */ = {
			isa = PBXGroup;
			children = (
				1E55313A20E7EABD002144DD /* LaunchScreen.storyboard */,
				1E55313520E7EABD002144DD /* Main.storyboard */,
				1E0CDFA820F1238D00C3450E /* Map.storyboard */,
			);
			path = Storyboard;
			sourceTree = "<group>";
		};
		1E9AD7AE20EA5CD70070F08D /* Common */ = {
			isa = PBXGroup;
			children = (
				1E55316320E89F69002144DD /* GoogleService-Info.plist */,
				1E55316520E8A777002144DD /* Constants.swift */,
			);
			path = Common;
			sourceTree = "<group>";
		};
		1E9AD7AF20EA613E0070F08D /* Model */ = {
			isa = PBXGroup;
			children = (
				1E9AD7B020EA61670070F08D /* User.swift */,
				1E0CDF8F20ED130700C3450E /* Device.swift */,
			);
			path = Model;
			sourceTree = "<group>";
		};
		850D246DF2FFB5870CE27166 /* Frameworks */ = {
			isa = PBXGroup;
			children = (
				E40B0F95C6A1045F68A80A33 /* Pods_RxDemo.framework */,
				A05F486FF7600CCA881DF59B /* Pods_RxDemoTests.framework */,
				69829513769BBF948F3FF85B /* Pods_RxDemoUITests.framework */,
			);
			name = Frameworks;
			sourceTree = "<group>";
		};
		D4FDAC7EE3919F7FCA0E63BB /* Pods */ = {
			isa = PBXGroup;
			children = (
				25DCF0FA01C7C501909550E8 /* Pods-RxDemo.debug.xcconfig */,
				A259421C34C73161480B9D10 /* Pods-RxDemo.release.xcconfig */,
				DE0665928F1EB6922A83BCDC /* Pods-RxDemoTests.debug.xcconfig */,
				747E8C45AF27F6FA88321AA4 /* Pods-RxDemoTests.release.xcconfig */,
				8CBCBA960CD8479D9C280717 /* Pods-RxDemoUITests.debug.xcconfig */,
				15A8D0F4A5E22D4036A4BEE3 /* Pods-RxDemoUITests.release.xcconfig */,
			);
			name = Pods;
			sourceTree = "<group>";
		};
/* End PBXGroup section */

/* Begin PBXNativeTarget section */
		1E55312D20E7EABD002144DD /* RxDemo */ = {
			isa = PBXNativeTarget;
			buildConfigurationList = 1E55315620E7EABD002144DD /* Build configuration list for PBXNativeTarget "RxDemo" */;
			buildPhases = (
				989013BF567099077BA7180B /* [CP] Check Pods Manifest.lock */,
				1E55312A20E7EABD002144DD /* Sources */,
				1E55312B20E7EABD002144DD /* Frameworks */,
				1E55312C20E7EABD002144DD /* Resources */,
				0B377B40EA11EDF5F09056AC /* [CP] Embed Pods Frameworks */,
				E1FD8B64598DE324A8E3FC9F /* [CP] Copy Pods Resources */,
			);
			buildRules = (
			);
			dependencies = (
			);
			name = RxDemo;
			productName = RxDemo;
			productReference = 1E55312E20E7EABD002144DD /* RxDemo.app */;
			productType = "com.apple.product-type.application";
		};
		1E55314120E7EABD002144DD /* RxDemoTests */ = {
			isa = PBXNativeTarget;
			buildConfigurationList = 1E55315920E7EABD002144DD /* Build configuration list for PBXNativeTarget "RxDemoTests" */;
			buildPhases = (
				4BCAF119B61BC0C2D935735A /* [CP] Check Pods Manifest.lock */,
				1E55313E20E7EABD002144DD /* Sources */,
				1E55313F20E7EABD002144DD /* Frameworks */,
				1E55314020E7EABD002144DD /* Resources */,
				5311A46E3373AC9693F7CDB3 /* [CP] Embed Pods Frameworks */,
				88EFC02984CB20CAB9818234 /* [CP] Copy Pods Resources */,
			);
			buildRules = (
			);
			dependencies = (
				1E55314420E7EABD002144DD /* PBXTargetDependency */,
			);
			name = RxDemoTests;
			productName = RxDemoTests;
			productReference = 1E55314220E7EABD002144DD /* RxDemoTests.xctest */;
			productType = "com.apple.product-type.bundle.unit-test";
		};
		1E55314C20E7EABD002144DD /* RxDemoUITests */ = {
			isa = PBXNativeTarget;
			buildConfigurationList = 1E55315C20E7EABD002144DD /* Build configuration list for PBXNativeTarget "RxDemoUITests" */;
			buildPhases = (
				870E83B9E9537F3454C81D63 /* [CP] Check Pods Manifest.lock */,
				1E55314920E7EABD002144DD /* Sources */,
				1E55314A20E7EABD002144DD /* Frameworks */,
				1E55314B20E7EABD002144DD /* Resources */,
				77941C40D596DD0F7E2FF401 /* [CP] Embed Pods Frameworks */,
				1BE7362DFD52332941E3EB2C /* [CP] Copy Pods Resources */,
			);
			buildRules = (
			);
			dependencies = (
				1E55314F20E7EABD002144DD /* PBXTargetDependency */,
			);
			name = RxDemoUITests;
			productName = RxDemoUITests;
			productReference = 1E55314D20E7EABD002144DD /* RxDemoUITests.xctest */;
			productType = "com.apple.product-type.bundle.ui-testing";
		};
/* End PBXNativeTarget section */

/* Begin PBXProject section */
		1E55312620E7EABD002144DD /* Project object */ = {
			isa = PBXProject;
			attributes = {
				LastSwiftUpdateCheck = 0910;
				LastUpgradeCheck = 0910;
				ORGANIZATIONNAME = "Aaron Musa";
				TargetAttributes = {
					1E55312D20E7EABD002144DD = {
						CreatedOnToolsVersion = 9.1;
						ProvisioningStyle = Automatic;
					};
					1E55314120E7EABD002144DD = {
						CreatedOnToolsVersion = 9.1;
						ProvisioningStyle = Automatic;
						TestTargetID = 1E55312D20E7EABD002144DD;
					};
					1E55314C20E7EABD002144DD = {
						CreatedOnToolsVersion = 9.1;
						ProvisioningStyle = Automatic;
						TestTargetID = 1E55312D20E7EABD002144DD;
					};
				};
			};
			buildConfigurationList = 1E55312920E7EABD002144DD /* Build configuration list for PBXProject "RxDemo" */;
			compatibilityVersion = "Xcode 8.0";
			developmentRegion = en;
			hasScannedForEncodings = 0;
			knownRegions = (
				en,
				Base,
			);
			mainGroup = 1E55312520E7EABD002144DD;
			productRefGroup = 1E55312F20E7EABD002144DD /* Products */;
			projectDirPath = "";
			projectRoot = "";
			targets = (
				1E55312D20E7EABD002144DD /* RxDemo */,
				1E55314120E7EABD002144DD /* RxDemoTests */,
				1E55314C20E7EABD002144DD /* RxDemoUITests */,
			);
		};
/* End PBXProject section */

/* Begin PBXResourcesBuildPhase section */
		1E55312C20E7EABD002144DD /* Resources */ = {
			isa = PBXResourcesBuildPhase;
			buildActionMask = 2147483647;
			files = (
				1E55313C20E7EABD002144DD /* LaunchScreen.storyboard in Resources */,
				1E55316420E89F69002144DD /* GoogleService-Info.plist in Resources */,
				1E0CDFA920F1238D00C3450E /* Map.storyboard in Resources */,
				1E55313920E7EABD002144DD /* Assets.xcassets in Resources */,
				1E55313720E7EABD002144DD /* Main.storyboard in Resources */,
			);
			runOnlyForDeploymentPostprocessing = 0;
		};
		1E55314020E7EABD002144DD /* Resources */ = {
			isa = PBXResourcesBuildPhase;
			buildActionMask = 2147483647;
			files = (
			);
			runOnlyForDeploymentPostprocessing = 0;
		};
		1E55314B20E7EABD002144DD /* Resources */ = {
			isa = PBXResourcesBuildPhase;
			buildActionMask = 2147483647;
			files = (
			);
			runOnlyForDeploymentPostprocessing = 0;
		};
/* End PBXResourcesBuildPhase section */

/* Begin PBXShellScriptBuildPhase section */
		0B377B40EA11EDF5F09056AC /* [CP] Embed Pods Frameworks */ = {
			isa = PBXShellScriptBuildPhase;
			buildActionMask = 2147483647;
			files = (
			);
			inputPaths = (
				"${SRCROOT}/Pods/Target Support Files/Pods-RxDemo/Pods-RxDemo-frameworks.sh",
				"${BUILT_PRODUCTS_DIR}/GTMSessionFetcher/GTMSessionFetcher.framework",
				"${BUILT_PRODUCTS_DIR}/GoogleToolboxForMac/GoogleToolboxForMac.framework",
				"${BUILT_PRODUCTS_DIR}/RxCocoa/RxCocoa.framework",
				"${BUILT_PRODUCTS_DIR}/RxSwift/RxSwift.framework",
				"${BUILT_PRODUCTS_DIR}/nanopb/nanopb.framework",
			);
			name = "[CP] Embed Pods Frameworks";
			outputPaths = (
				"${TARGET_BUILD_DIR}/${FRAMEWORKS_FOLDER_PATH}/GTMSessionFetcher.framework",
				"${TARGET_BUILD_DIR}/${FRAMEWORKS_FOLDER_PATH}/GoogleToolboxForMac.framework",
				"${TARGET_BUILD_DIR}/${FRAMEWORKS_FOLDER_PATH}/RxCocoa.framework",
				"${TARGET_BUILD_DIR}/${FRAMEWORKS_FOLDER_PATH}/RxSwift.framework",
				"${TARGET_BUILD_DIR}/${FRAMEWORKS_FOLDER_PATH}/nanopb.framework",
			);
			runOnlyForDeploymentPostprocessing = 0;
			shellPath = /bin/sh;
			shellScript = "\"${SRCROOT}/Pods/Target Support Files/Pods-RxDemo/Pods-RxDemo-frameworks.sh\"\n";
			showEnvVarsInLog = 0;
		};
		1BE7362DFD52332941E3EB2C /* [CP] Copy Pods Resources */ = {
			isa = PBXShellScriptBuildPhase;
			buildActionMask = 2147483647;
			files = (
			);
			inputPaths = (
			);
			name = "[CP] Copy Pods Resources";
			outputPaths = (
			);
			runOnlyForDeploymentPostprocessing = 0;
			shellPath = /bin/sh;
			shellScript = "\"${SRCROOT}/Pods/Target Support Files/Pods-RxDemoUITests/Pods-RxDemoUITests-resources.sh\"\n";
			showEnvVarsInLog = 0;
		};
		4BCAF119B61BC0C2D935735A /* [CP] Check Pods Manifest.lock */ = {
			isa = PBXShellScriptBuildPhase;
			buildActionMask = 2147483647;
			files = (
			);
			inputPaths = (
				"${PODS_PODFILE_DIR_PATH}/Podfile.lock",
				"${PODS_ROOT}/Manifest.lock",
			);
			name = "[CP] Check Pods Manifest.lock";
			outputPaths = (
				"$(DERIVED_FILE_DIR)/Pods-RxDemoTests-checkManifestLockResult.txt",
			);
			runOnlyForDeploymentPostprocessing = 0;
			shellPath = /bin/sh;
			shellScript = "diff \"${PODS_PODFILE_DIR_PATH}/Podfile.lock\" \"${PODS_ROOT}/Manifest.lock\" > /dev/null\nif [ $? != 0 ] ; then\n    # print error to STDERR\n    echo \"error: The sandbox is not in sync with the Podfile.lock. Run 'pod install' or update your CocoaPods installation.\" >&2\n    exit 1\nfi\n# This output is used by Xcode 'outputs' to avoid re-running this script phase.\necho \"SUCCESS\" > \"${SCRIPT_OUTPUT_FILE_0}\"\n";
			showEnvVarsInLog = 0;
		};
		5311A46E3373AC9693F7CDB3 /* [CP] Embed Pods Frameworks */ = {
			isa = PBXShellScriptBuildPhase;
			buildActionMask = 2147483647;
			files = (
			);
			inputPaths = (
			);
			name = "[CP] Embed Pods Frameworks";
			outputPaths = (
			);
			runOnlyForDeploymentPostprocessing = 0;
			shellPath = /bin/sh;
			shellScript = "\"${SRCROOT}/Pods/Target Support Files/Pods-RxDemoTests/Pods-RxDemoTests-frameworks.sh\"\n";
			showEnvVarsInLog = 0;
		};
		77941C40D596DD0F7E2FF401 /* [CP] Embed Pods Frameworks */ = {
			isa = PBXShellScriptBuildPhase;
			buildActionMask = 2147483647;
			files = (
			);
			inputPaths = (
			);
			name = "[CP] Embed Pods Frameworks";
			outputPaths = (
			);
			runOnlyForDeploymentPostprocessing = 0;
			shellPath = /bin/sh;
			shellScript = "\"${SRCROOT}/Pods/Target Support Files/Pods-RxDemoUITests/Pods-RxDemoUITests-frameworks.sh\"\n";
			showEnvVarsInLog = 0;
		};
		870E83B9E9537F3454C81D63 /* [CP] Check Pods Manifest.lock */ = {
			isa = PBXShellScriptBuildPhase;
			buildActionMask = 2147483647;
			files = (
			);
			inputPaths = (
				"${PODS_PODFILE_DIR_PATH}/Podfile.lock",
				"${PODS_ROOT}/Manifest.lock",
			);
			name = "[CP] Check Pods Manifest.lock";
			outputPaths = (
				"$(DERIVED_FILE_DIR)/Pods-RxDemoUITests-checkManifestLockResult.txt",
			);
			runOnlyForDeploymentPostprocessing = 0;
			shellPath = /bin/sh;
			shellScript = "diff \"${PODS_PODFILE_DIR_PATH}/Podfile.lock\" \"${PODS_ROOT}/Manifest.lock\" > /dev/null\nif [ $? != 0 ] ; then\n    # print error to STDERR\n    echo \"error: The sandbox is not in sync with the Podfile.lock. Run 'pod install' or update your CocoaPods installation.\" >&2\n    exit 1\nfi\n# This output is used by Xcode 'outputs' to avoid re-running this script phase.\necho \"SUCCESS\" > \"${SCRIPT_OUTPUT_FILE_0}\"\n";
			showEnvVarsInLog = 0;
		};
		88EFC02984CB20CAB9818234 /* [CP] Copy Pods Resources */ = {
			isa = PBXShellScriptBuildPhase;
			buildActionMask = 2147483647;
			files = (
			);
			inputPaths = (
			);
			name = "[CP] Copy Pods Resources";
			outputPaths = (
			);
			runOnlyForDeploymentPostprocessing = 0;
			shellPath = /bin/sh;
			shellScript = "\"${SRCROOT}/Pods/Target Support Files/Pods-RxDemoTests/Pods-RxDemoTests-resources.sh\"\n";
			showEnvVarsInLog = 0;
		};
		989013BF567099077BA7180B /* [CP] Check Pods Manifest.lock */ = {
			isa = PBXShellScriptBuildPhase;
			buildActionMask = 2147483647;
			files = (
			);
			inputPaths = (
				"${PODS_PODFILE_DIR_PATH}/Podfile.lock",
				"${PODS_ROOT}/Manifest.lock",
			);
			name = "[CP] Check Pods Manifest.lock";
			outputPaths = (
				"$(DERIVED_FILE_DIR)/Pods-RxDemo-checkManifestLockResult.txt",
			);
			runOnlyForDeploymentPostprocessing = 0;
			shellPath = /bin/sh;
			shellScript = "diff \"${PODS_PODFILE_DIR_PATH}/Podfile.lock\" \"${PODS_ROOT}/Manifest.lock\" > /dev/null\nif [ $? != 0 ] ; then\n    # print error to STDERR\n    echo \"error: The sandbox is not in sync with the Podfile.lock. Run 'pod install' or update your CocoaPods installation.\" >&2\n    exit 1\nfi\n# This output is used by Xcode 'outputs' to avoid re-running this script phase.\necho \"SUCCESS\" > \"${SCRIPT_OUTPUT_FILE_0}\"\n";
			showEnvVarsInLog = 0;
		};
		E1FD8B64598DE324A8E3FC9F /* [CP] Copy Pods Resources */ = {
			isa = PBXShellScriptBuildPhase;
			buildActionMask = 2147483647;
			files = (
			);
			inputPaths = (
				"${SRCROOT}/Pods/Target Support Files/Pods-RxDemo/Pods-RxDemo-resources.sh",
				"${PODS_ROOT}/GoogleMaps/Maps/Frameworks/GoogleMaps.framework/Resources/GoogleMaps.bundle",
				"${PODS_ROOT}/GooglePlaces/Frameworks/GooglePlaces.framework/Resources/GooglePlaces.bundle",
			);
			name = "[CP] Copy Pods Resources";
			outputPaths = (
				"${TARGET_BUILD_DIR}/${UNLOCALIZED_RESOURCES_FOLDER_PATH}/GoogleMaps.bundle",
				"${TARGET_BUILD_DIR}/${UNLOCALIZED_RESOURCES_FOLDER_PATH}/GooglePlaces.bundle",
			);
			runOnlyForDeploymentPostprocessing = 0;
			shellPath = /bin/sh;
			shellScript = "\"${SRCROOT}/Pods/Target Support Files/Pods-RxDemo/Pods-RxDemo-resources.sh\"\n";
			showEnvVarsInLog = 0;
		};
/* End PBXShellScriptBuildPhase section */

/* Begin PBXSourcesBuildPhase section */
		1E55312A20E7EABD002144DD /* Sources */ = {
			isa = PBXSourcesBuildPhase;
			buildActionMask = 2147483647;
			files = (
				1E0CDF8C20ED0C7D00C3450E /* Repository.swift in Sources */,
				1E0CDF9B20F0DB4600C3450E /* SignUpViewModel.swift in Sources */,
				1E0CDF9720EFE0F800C3450E /* HomeViewModel.swift in Sources */,
				1E0CDF8E20ED0DFA00C3450E /* Request.swift in Sources */,
				1E0CDF9E20F0DC7500C3450E /* StringHelper.swift in Sources */,
				1E55316620E8A777002144DD /* Constants.swift in Sources */,
				1E0CDF9020ED130700C3450E /* Device.swift in Sources */,
				1E0CDFA320F0EF9D00C3450E /* MockRepository.swift in Sources */,
				1E55316220E7EEAA002144DD /* LoginViewModel.swift in Sources */,
				1E0CDF9920F0D30300C3450E /* SignUpViewController.swift in Sources */,
				1E9AD7B120EA61670070F08D /* User.swift in Sources */,
				1E0CDF9520EFDF5D00C3450E /* CacheManager.swift in Sources */,
				1E55316020E7EE37002144DD /* LoginViewController.swift in Sources */,
				1E0CDFAD20F128A800C3450E /* MapViewModel.swift in Sources */,
				1E55313420E7EABD002144DD /* HomeViewController.swift in Sources */,
				1E55313220E7EABD002144DD /* AppDelegate.swift in Sources */,
				1E0CDFAB20F123AD00C3450E /* MapViewController.swift in Sources */,
			);
			runOnlyForDeploymentPostprocessing = 0;
		};
		1E55313E20E7EABD002144DD /* Sources */ = {
			isa = PBXSourcesBuildPhase;
			buildActionMask = 2147483647;
			files = (
				1E0CDFA120F0EEE300C3450E /* LoginViewModelTests.swift in Sources */,
				1E55314720E7EABD002144DD /* RxDemoTests.swift in Sources */,
				1E0CDFA720F1182A00C3450E /* HomeViewModelTests.swift in Sources */,
			);
			runOnlyForDeploymentPostprocessing = 0;
		};
		1E55314920E7EABD002144DD /* Sources */ = {
			isa = PBXSourcesBuildPhase;
			buildActionMask = 2147483647;
			files = (
				1E55315220E7EABD002144DD /* RxDemoUITests.swift in Sources */,
			);
			runOnlyForDeploymentPostprocessing = 0;
		};
/* End PBXSourcesBuildPhase section */

/* Begin PBXTargetDependency section */
		1E55314420E7EABD002144DD /* PBXTargetDependency */ = {
			isa = PBXTargetDependency;
			target = 1E55312D20E7EABD002144DD /* RxDemo */;
			targetProxy = 1E55314320E7EABD002144DD /* PBXContainerItemProxy */;
		};
		1E55314F20E7EABD002144DD /* PBXTargetDependency */ = {
			isa = PBXTargetDependency;
			target = 1E55312D20E7EABD002144DD /* RxDemo */;
			targetProxy = 1E55314E20E7EABD002144DD /* PBXContainerItemProxy */;
		};
/* End PBXTargetDependency section */

/* Begin PBXVariantGroup section */
		1E55313520E7EABD002144DD /* Main.storyboard */ = {
			isa = PBXVariantGroup;
			children = (
				1E55313620E7EABD002144DD /* Base */,
			);
			name = Main.storyboard;
			sourceTree = "<group>";
		};
		1E55313A20E7EABD002144DD /* LaunchScreen.storyboard */ = {
			isa = PBXVariantGroup;
			children = (
				1E55313B20E7EABD002144DD /* Base */,
			);
			name = LaunchScreen.storyboard;
			sourceTree = "<group>";
		};
/* End PBXVariantGroup section */

/* Begin XCBuildConfiguration section */
		1E55315420E7EABD002144DD /* Debug */ = {
			isa = XCBuildConfiguration;
			buildSettings = {
				ALWAYS_SEARCH_USER_PATHS = NO;
				CLANG_ANALYZER_NONNULL = YES;
				CLANG_ANALYZER_NUMBER_OBJECT_CONVERSION = YES_AGGRESSIVE;
				CLANG_CXX_LANGUAGE_STANDARD = "gnu++14";
				CLANG_CXX_LIBRARY = "libc++";
				CLANG_ENABLE_MODULES = YES;
				CLANG_ENABLE_OBJC_ARC = YES;
				CLANG_WARN_BLOCK_CAPTURE_AUTORELEASING = YES;
				CLANG_WARN_BOOL_CONVERSION = YES;
				CLANG_WARN_COMMA = YES;
				CLANG_WARN_CONSTANT_CONVERSION = YES;
				CLANG_WARN_DIRECT_OBJC_ISA_USAGE = YES_ERROR;
				CLANG_WARN_DOCUMENTATION_COMMENTS = YES;
				CLANG_WARN_EMPTY_BODY = YES;
				CLANG_WARN_ENUM_CONVERSION = YES;
				CLANG_WARN_INFINITE_RECURSION = YES;
				CLANG_WARN_INT_CONVERSION = YES;
				CLANG_WARN_NON_LITERAL_NULL_CONVERSION = YES;
				CLANG_WARN_OBJC_LITERAL_CONVERSION = YES;
				CLANG_WARN_OBJC_ROOT_CLASS = YES_ERROR;
				CLANG_WARN_RANGE_LOOP_ANALYSIS = YES;
				CLANG_WARN_STRICT_PROTOTYPES = YES;
				CLANG_WARN_SUSPICIOUS_MOVE = YES;
				CLANG_WARN_UNGUARDED_AVAILABILITY = YES_AGGRESSIVE;
				CLANG_WARN_UNREACHABLE_CODE = YES;
				CLANG_WARN__DUPLICATE_METHOD_MATCH = YES;
				CODE_SIGN_IDENTITY = "iPhone Developer";
				COPY_PHASE_STRIP = NO;
				DEBUG_INFORMATION_FORMAT = dwarf;
				ENABLE_STRICT_OBJC_MSGSEND = YES;
				ENABLE_TESTABILITY = YES;
				GCC_C_LANGUAGE_STANDARD = gnu11;
				GCC_DYNAMIC_NO_PIC = NO;
				GCC_NO_COMMON_BLOCKS = YES;
				GCC_OPTIMIZATION_LEVEL = 0;
				GCC_PREPROCESSOR_DEFINITIONS = (
					"DEBUG=1",
					"$(inherited)",
				);
				GCC_WARN_64_TO_32_BIT_CONVERSION = YES;
				GCC_WARN_ABOUT_RETURN_TYPE = YES_ERROR;
				GCC_WARN_UNDECLARED_SELECTOR = YES;
				GCC_WARN_UNINITIALIZED_AUTOS = YES_AGGRESSIVE;
				GCC_WARN_UNUSED_FUNCTION = YES;
				GCC_WARN_UNUSED_VARIABLE = YES;
				IPHONEOS_DEPLOYMENT_TARGET = 11.1;
				MTL_ENABLE_DEBUG_INFO = YES;
				ONLY_ACTIVE_ARCH = YES;
				SDKROOT = iphoneos;
				SWIFT_ACTIVE_COMPILATION_CONDITIONS = DEBUG;
				SWIFT_OPTIMIZATION_LEVEL = "-Onone";
			};
			name = Debug;
		};
		1E55315520E7EABD002144DD /* Release */ = {
			isa = XCBuildConfiguration;
			buildSettings = {
				ALWAYS_SEARCH_USER_PATHS = NO;
				CLANG_ANALYZER_NONNULL = YES;
				CLANG_ANALYZER_NUMBER_OBJECT_CONVERSION = YES_AGGRESSIVE;
				CLANG_CXX_LANGUAGE_STANDARD = "gnu++14";
				CLANG_CXX_LIBRARY = "libc++";
				CLANG_ENABLE_MODULES = YES;
				CLANG_ENABLE_OBJC_ARC = YES;
				CLANG_WARN_BLOCK_CAPTURE_AUTORELEASING = YES;
				CLANG_WARN_BOOL_CONVERSION = YES;
				CLANG_WARN_COMMA = YES;
				CLANG_WARN_CONSTANT_CONVERSION = YES;
				CLANG_WARN_DIRECT_OBJC_ISA_USAGE = YES_ERROR;
				CLANG_WARN_DOCUMENTATION_COMMENTS = YES;
				CLANG_WARN_EMPTY_BODY = YES;
				CLANG_WARN_ENUM_CONVERSION = YES;
				CLANG_WARN_INFINITE_RECURSION = YES;
				CLANG_WARN_INT_CONVERSION = YES;
				CLANG_WARN_NON_LITERAL_NULL_CONVERSION = YES;
				CLANG_WARN_OBJC_LITERAL_CONVERSION = YES;
				CLANG_WARN_OBJC_ROOT_CLASS = YES_ERROR;
				CLANG_WARN_RANGE_LOOP_ANALYSIS = YES;
				CLANG_WARN_STRICT_PROTOTYPES = YES;
				CLANG_WARN_SUSPICIOUS_MOVE = YES;
				CLANG_WARN_UNGUARDED_AVAILABILITY = YES_AGGRESSIVE;
				CLANG_WARN_UNREACHABLE_CODE = YES;
				CLANG_WARN__DUPLICATE_METHOD_MATCH = YES;
				CODE_SIGN_IDENTITY = "iPhone Developer";
				COPY_PHASE_STRIP = NO;
				DEBUG_INFORMATION_FORMAT = "dwarf-with-dsym";
				ENABLE_NS_ASSERTIONS = NO;
				ENABLE_STRICT_OBJC_MSGSEND = YES;
				GCC_C_LANGUAGE_STANDARD = gnu11;
				GCC_NO_COMMON_BLOCKS = YES;
				GCC_WARN_64_TO_32_BIT_CONVERSION = YES;
				GCC_WARN_ABOUT_RETURN_TYPE = YES_ERROR;
				GCC_WARN_UNDECLARED_SELECTOR = YES;
				GCC_WARN_UNINITIALIZED_AUTOS = YES_AGGRESSIVE;
				GCC_WARN_UNUSED_FUNCTION = YES;
				GCC_WARN_UNUSED_VARIABLE = YES;
				IPHONEOS_DEPLOYMENT_TARGET = 11.1;
				MTL_ENABLE_DEBUG_INFO = NO;
				SDKROOT = iphoneos;
				SWIFT_OPTIMIZATION_LEVEL = "-Owholemodule";
				VALIDATE_PRODUCT = YES;
			};
			name = Release;
		};
		1E55315720E7EABD002144DD /* Debug */ = {
			isa = XCBuildConfiguration;
			baseConfigurationReference = 25DCF0FA01C7C501909550E8 /* Pods-RxDemo.debug.xcconfig */;
			buildSettings = {
				ASSETCATALOG_COMPILER_APPICON_NAME = AppIcon;
				CODE_SIGN_STYLE = Automatic;
				DEVELOPMENT_TEAM = 66QCVT44FZ;
				INFOPLIST_FILE = RxDemo/Info.plist;
				LD_RUNPATH_SEARCH_PATHS = "$(inherited) @executable_path/Frameworks";
				PRODUCT_BUNDLE_IDENTIFIER = com.aaronmusa.RxDemo;
				PRODUCT_NAME = "$(TARGET_NAME)";
				SWIFT_VERSION = 4.0;
				TARGETED_DEVICE_FAMILY = "1,2";
			};
			name = Debug;
		};
		1E55315820E7EABD002144DD /* Release */ = {
			isa = XCBuildConfiguration;
			baseConfigurationReference = A259421C34C73161480B9D10 /* Pods-RxDemo.release.xcconfig */;
			buildSettings = {
				ASSETCATALOG_COMPILER_APPICON_NAME = AppIcon;
				CODE_SIGN_STYLE = Automatic;
				DEVELOPMENT_TEAM = 66QCVT44FZ;
				INFOPLIST_FILE = RxDemo/Info.plist;
				LD_RUNPATH_SEARCH_PATHS = "$(inherited) @executable_path/Frameworks";
				PRODUCT_BUNDLE_IDENTIFIER = com.aaronmusa.RxDemo;
				PRODUCT_NAME = "$(TARGET_NAME)";
				SWIFT_VERSION = 4.0;
				TARGETED_DEVICE_FAMILY = "1,2";
			};
			name = Release;
		};
		1E55315A20E7EABD002144DD /* Debug */ = {
			isa = XCBuildConfiguration;
			baseConfigurationReference = DE0665928F1EB6922A83BCDC /* Pods-RxDemoTests.debug.xcconfig */;
			buildSettings = {
				ALWAYS_EMBED_SWIFT_STANDARD_LIBRARIES = YES;
				BUNDLE_LOADER = "$(TEST_HOST)";
				CODE_SIGN_STYLE = Automatic;
				DEVELOPMENT_TEAM = 66QCVT44FZ;
				INFOPLIST_FILE = RxDemoTests/Info.plist;
				LD_RUNPATH_SEARCH_PATHS = "$(inherited) @executable_path/Frameworks @loader_path/Frameworks";
				PRODUCT_BUNDLE_IDENTIFIER = com.aaronmusa.RxDemoTests;
				PRODUCT_NAME = "$(TARGET_NAME)";
				SWIFT_VERSION = 4.0;
				TARGETED_DEVICE_FAMILY = "1,2";
				TEST_HOST = "$(BUILT_PRODUCTS_DIR)/RxDemo.app/RxDemo";
			};
			name = Debug;
		};
		1E55315B20E7EABD002144DD /* Release */ = {
			isa = XCBuildConfiguration;
			baseConfigurationReference = 747E8C45AF27F6FA88321AA4 /* Pods-RxDemoTests.release.xcconfig */;
			buildSettings = {
				ALWAYS_EMBED_SWIFT_STANDARD_LIBRARIES = YES;
				BUNDLE_LOADER = "$(TEST_HOST)";
				CODE_SIGN_STYLE = Automatic;
				DEVELOPMENT_TEAM = 66QCVT44FZ;
				INFOPLIST_FILE = RxDemoTests/Info.plist;
				LD_RUNPATH_SEARCH_PATHS = "$(inherited) @executable_path/Frameworks @loader_path/Frameworks";
				PRODUCT_BUNDLE_IDENTIFIER = com.aaronmusa.RxDemoTests;
				PRODUCT_NAME = "$(TARGET_NAME)";
				SWIFT_VERSION = 4.0;
				TARGETED_DEVICE_FAMILY = "1,2";
				TEST_HOST = "$(BUILT_PRODUCTS_DIR)/RxDemo.app/RxDemo";
			};
			name = Release;
		};
		1E55315D20E7EABD002144DD /* Debug */ = {
			isa = XCBuildConfiguration;
			baseConfigurationReference = 8CBCBA960CD8479D9C280717 /* Pods-RxDemoUITests.debug.xcconfig */;
			buildSettings = {
				ALWAYS_EMBED_SWIFT_STANDARD_LIBRARIES = YES;
				CODE_SIGN_STYLE = Automatic;
				DEVELOPMENT_TEAM = 66QCVT44FZ;
				INFOPLIST_FILE = RxDemoUITests/Info.plist;
				LD_RUNPATH_SEARCH_PATHS = "$(inherited) @executable_path/Frameworks @loader_path/Frameworks";
				PRODUCT_BUNDLE_IDENTIFIER = com.aaronmusa.RxDemoUITests;
				PRODUCT_NAME = "$(TARGET_NAME)";
				SWIFT_VERSION = 4.0;
				TARGETED_DEVICE_FAMILY = "1,2";
				TEST_TARGET_NAME = RxDemo;
			};
			name = Debug;
		};
		1E55315E20E7EABD002144DD /* Release */ = {
			isa = XCBuildConfiguration;
			baseConfigurationReference = 15A8D0F4A5E22D4036A4BEE3 /* Pods-RxDemoUITests.release.xcconfig */;
			buildSettings = {
				ALWAYS_EMBED_SWIFT_STANDARD_LIBRARIES = YES;
				CODE_SIGN_STYLE = Automatic;
				DEVELOPMENT_TEAM = 66QCVT44FZ;
				INFOPLIST_FILE = RxDemoUITests/Info.plist;
				LD_RUNPATH_SEARCH_PATHS = "$(inherited) @executable_path/Frameworks @loader_path/Frameworks";
				PRODUCT_BUNDLE_IDENTIFIER = com.aaronmusa.RxDemoUITests;
				PRODUCT_NAME = "$(TARGET_NAME)";
				SWIFT_VERSION = 4.0;
				TARGETED_DEVICE_FAMILY = "1,2";
				TEST_TARGET_NAME = RxDemo;
			};
			name = Release;
		};
/* End XCBuildConfiguration section */

/* Begin XCConfigurationList section */
		1E55312920E7EABD002144DD /* Build configuration list for PBXProject "RxDemo" */ = {
			isa = XCConfigurationList;
			buildConfigurations = (
				1E55315420E7EABD002144DD /* Debug */,
				1E55315520E7EABD002144DD /* Release */,
			);
			defaultConfigurationIsVisible = 0;
			defaultConfigurationName = Release;
		};
		1E55315620E7EABD002144DD /* Build configuration list for PBXNativeTarget "RxDemo" */ = {
			isa = XCConfigurationList;
			buildConfigurations = (
				1E55315720E7EABD002144DD /* Debug */,
				1E55315820E7EABD002144DD /* Release */,
			);
			defaultConfigurationIsVisible = 0;
			defaultConfigurationName = Release;
		};
		1E55315920E7EABD002144DD /* Build configuration list for PBXNativeTarget "RxDemoTests" */ = {
			isa = XCConfigurationList;
			buildConfigurations = (
				1E55315A20E7EABD002144DD /* Debug */,
				1E55315B20E7EABD002144DD /* Release */,
			);
			defaultConfigurationIsVisible = 0;
			defaultConfigurationName = Release;
		};
		1E55315C20E7EABD002144DD /* Build configuration list for PBXNativeTarget "RxDemoUITests" */ = {
			isa = XCConfigurationList;
			buildConfigurations = (
				1E55315D20E7EABD002144DD /* Debug */,
				1E55315E20E7EABD002144DD /* Release */,
			);
			defaultConfigurationIsVisible = 0;
			defaultConfigurationName = Release;
		};
/* End XCConfigurationList section */
	};
	rootObject = 1E55312620E7EABD002144DD /* Project object */;
}
